<?xml version="1.0" encoding="utf-8"?>
<Project ToolsVersion="4.0" xmlns="http://schemas.microsoft.com/developer/msbuild/2003">
  <ItemGroup>
    <Filter Include="Source Files">
      <UniqueIdentifier>{4FC737F1-C7A5-4376-A066-2A32D752A2FF}</UniqueIdentifier>
      <Extensions>cpp;c;cc;cxx;def;odl;idl;hpj;bat;asm;asmx</Extensions>
    </Filter>
    <Filter Include="Header Files">
      <UniqueIdentifier>{93995380-89BD-4b04-88EB-625FBE52EBFB}</UniqueIdentifier>
      <Extensions>h;hh;hpp;hxx;hm;inl;inc;xsd</Extensions>
    </Filter>
    <Filter Include="Resource Files">
      <UniqueIdentifier>{67DA6AB6-F800-4c08-8B7A-83BB121AAD01}</UniqueIdentifier>
      <Extensions>rc;ico;cur;bmp;dlg;rc2;rct;bin;rgs;gif;jpg;jpeg;jpe;resx;tiff;tif;png;wav;mfcribbon-ms</Extensions>
    </Filter>
  </ItemGroup>
  <ItemGroup>
    <ClInclude Include="src\common.h">
      <Filter>Header Files</Filter>
    </ClInclude>
    <ClInclude Include="src\Utility\variant.h">
      <Filter>Header Files</Filter>
    </ClInclude>
    <ClInclude Include="src\utility\static_max.h">
      <Filter>Header Files</Filter>
    </ClInclude>
    <ClInclude Include="src\utility\static_contains.h">
      <Filter>Header Files</Filter>
    </ClInclude>
    <ClInclude Include="src\utility\iterator.h">
      <Filter>Header Files</Filter>
    </ClInclude>
    <ClInclude Include="src\parse\lexer.h">
      <Filter>Header Files</Filter>
    </ClInclude>
    <ClInclude Include="src\parse\token.h">
      <Filter>Header Files</Filter>
    </ClInclude>
    <ClInclude Include="src\utility\optional.h">
      <Filter>Header Files</Filter>
    </ClInclude>
    <ClInclude Include="src\parse\ylexer.h">
      <Filter>Header Files</Filter>
    </ClInclude>
    <ClInclude Include="src\parse\token_buffer.h">
      <Filter>Header Files</Filter>
    </ClInclude>
    <ClInclude Include="src\parse\parser.h">
      <Filter>Header Files</Filter>
    </ClInclude>
    <ClInclude Include="src\parse\prefix_parselet.h">
      <Filter>Header Files</Filter>
    </ClInclude>
    <ClInclude Include="src\parse\infix_parselet.h">
      <Filter>Header Files</Filter>
    </ClInclude>
    <ClInclude Include="src\ast\ast_node.h">
      <Filter>Header Files</Filter>
    </ClInclude>
    <ClInclude Include="src\parse\position.h">
      <Filter>Header Files</Filter>
    </ClInclude>
    <ClInclude Include="src\ast\expr.h">
      <Filter>Header Files</Filter>
    </ClInclude>
    <ClInclude Include="src\parse\prec_parser.h">
      <Filter>Header Files</Filter>
    </ClInclude>
    <ClInclude Include="src\utility\map_ext.h">
      <Filter>Header Files</Filter>
    </ClInclude>
    <ClInclude Include="src\parse\yexpr_parser.h">
      <Filter>Header Files</Filter>
    </ClInclude>
    <ClInclude Include="src\utility\preproc.h">
      <Filter>Header Files</Filter>
    </ClInclude>
    <ClInclude Include="src\utility\static_block.h">
      <Filter>Header Files</Filter>
    </ClInclude>
    <ClInclude Include="src\debug\unit_test.h">
      <Filter>Header Files</Filter>
    </ClInclude>
    <ClInclude Include="src\utility\double_dispatcher.h">
      <Filter>Header Files</Filter>
    </ClInclude>
    <ClInclude Include="src\utility\base_of.h">
      <Filter>Header Files</Filter>
    </ClInclude>
    <ClInclude Include="src\debug\expr_prec_printer.h">
      <Filter>Header Files</Filter>
    </ClInclude>
    <ClInclude Include="src\unit_testing\expr_unit_test.h">
      <Filter>Header Files</Filter>
    </ClInclude>
  </ItemGroup>
  <ItemGroup>
    <ClCompile Include="main.cpp">
      <Filter>Source Files</Filter>
    </ClCompile>
    <ClCompile Include="src\parse\token.cpp">
      <Filter>Source Files</Filter>
    </ClCompile>
    <ClCompile Include="src\utility\optional.cpp">
      <Filter>Source Files</Filter>
    </ClCompile>
    <ClCompile Include="src\parse\lexer.cpp">
      <Filter>Source Files</Filter>
    </ClCompile>
    <ClCompile Include="src\parse\ylexer.cpp">
      <Filter>Source Files</Filter>
    </ClCompile>
    <ClCompile Include="src\parse\token_buffer.cpp">
      <Filter>Source Files</Filter>
    </ClCompile>
    <ClCompile Include="src\parse\parser.cpp">
      <Filter>Source Files</Filter>
    </ClCompile>
    <ClCompile Include="src\parse\position.cpp">
      <Filter>Source Files</Filter>
    </ClCompile>
    <ClCompile Include="src\ast\ast_node.cpp">
      <Filter>Source Files</Filter>
    </ClCompile>
    <ClCompile Include="src\ast\expr.cpp">
      <Filter>Source Files</Filter>
    </ClCompile>
    <ClCompile Include="src\parse\yexpr_parser.cpp">
      <Filter>Source Files</Filter>
    </ClCompile>
    <ClCompile Include="src\debug\unit_test.cpp">
      <Filter>Source Files</Filter>
    </ClCompile>
    <ClCompile Include="src\debug\expr_prec_printer.cpp">
      <Filter>Source Files</Filter>
    </ClCompile>
    <ClCompile Include="src\unit_testing\expr_unit_test.cpp">
      <Filter>Source Files</Filter>
    </ClCompile>
  </ItemGroup>
</Project>