<?xml version="1.0" encoding="utf-8"?>
<Project ToolsVersion="4.0" xmlns="http://schemas.microsoft.com/developer/msbuild/2003">
  <ItemGroup>
    <Filter Include="Source Files">
      <UniqueIdentifier>{4FC737F1-C7A5-4376-A066-2A32D752A2FF}</UniqueIdentifier>
      <Extensions>cpp;c;cc;cxx;def;odl;idl;hpj;bat;asm;asmx</Extensions>
    </Filter>
    <Filter Include="Header Files">
      <UniqueIdentifier>{93995380-89BD-4b04-88EB-625FBE52EBFB}</UniqueIdentifier>
      <Extensions>h;hh;hpp;hxx;hm;inl;inc;xsd</Extensions>
    </Filter>
    <Filter Include="Resource Files">
      <UniqueIdentifier>{67DA6AB6-F800-4c08-8B7A-83BB121AAD01}</UniqueIdentifier>
      <Extensions>rc;ico;cur;bmp;dlg;rc2;rct;bin;rgs;gif;jpg;jpeg;jpe;resx;tiff;tif;png;wav;mfcribbon-ms</Extensions>
    </Filter>
  </ItemGroup>
  <ItemGroup>
    <ClCompile Include="src\io\file_hnd.cpp">
      <Filter>Source Files</Filter>
    </ClCompile>
    <ClCompile Include="src\syntax\position.cpp">
      <Filter>Source Files</Filter>
    </ClCompile>
    <ClCompile Include="src\syntax\token.cpp">
      <Filter>Source Files</Filter>
    </ClCompile>
    <ClCompile Include="src\main.cpp">
      <Filter>Source Files</Filter>
    </ClCompile>
    <ClCompile Include="src\io\fmt_code.cpp">
      <Filter>Source Files</Filter>
    </ClCompile>
    <ClCompile Include="src\syntax\lexer.cpp">
      <Filter>Source Files</Filter>
    </ClCompile>
    <ClCompile Include="src\syntax\token_input.cpp">
      <Filter>Source Files</Filter>
    </ClCompile>
    <ClCompile Include="src\syntax\parser.cpp">
      <Filter>Source Files</Filter>
    </ClCompile>
    <ClCompile Include="src\syntax\ast.cpp">
      <Filter>Source Files</Filter>
    </ClCompile>
    <ClCompile Include="src\syntax\ast_stmt.cpp">
      <Filter>Source Files</Filter>
    </ClCompile>
    <ClCompile Include="src\syntax\ast_expr.cpp">
      <Filter>Source Files</Filter>
    </ClCompile>
    <ClCompile Include="src\syntax\ast_ty.cpp">
      <Filter>Source Files</Filter>
    </ClCompile>
    <ClCompile Include="src\syntax\ast_pat.cpp">
      <Filter>Source Files</Filter>
    </ClCompile>
    <ClCompile Include="src\io\ast_printer.cpp">
      <Filter>Source Files</Filter>
    </ClCompile>
    <ClCompile Include="src\semantics\type.cpp">
      <Filter>Source Files</Filter>
    </ClCompile>
    <ClCompile Include="src\semantics\unifier.cpp">
      <Filter>Source Files</Filter>
    </ClCompile>
    <ClCompile Include="src\semantics\symbol.cpp">
      <Filter>Source Files</Filter>
    </ClCompile>
    <ClCompile Include="src\semantics\scope.cpp">
      <Filter>Source Files</Filter>
    </ClCompile>
    <ClCompile Include="src\semantics\symbol_table.cpp">
      <Filter>Source Files</Filter>
    </ClCompile>
    <ClCompile Include="src\semantics\checker.cpp">
      <Filter>Source Files</Filter>
    </ClCompile>
    <ClCompile Include="src\tests\framework.cpp">
      <Filter>Source Files</Filter>
    </ClCompile>
    <ClCompile Include="src\tests\parser_tests.cpp">
      <Filter>Source Files</Filter>
    </ClCompile>
    <ClCompile Include="src\semantics\oper_desc.cpp">
      <Filter>Source Files</Filter>
    </ClCompile>
    <ClCompile Include="src\timer.cpp">
      <Filter>Source Files</Filter>
    </ClCompile>
    <ClCompile Include="src\semantics\checker_p1.cpp">
      <Filter>Source Files</Filter>
    </ClCompile>
    <ClCompile Include="src\semantics\checker_p2.cpp">
      <Filter>Source Files</Filter>
    </ClCompile>
    <ClCompile Include="src\semantics\checker_p3.cpp">
      <Filter>Source Files</Filter>
    </ClCompile>
  </ItemGroup>
  <ItemGroup>
    <ClInclude Include="src\common.h">
      <Filter>Header Files</Filter>
    </ClInclude>
    <ClInclude Include="src\io\file_hnd.h">
      <Filter>Header Files</Filter>
    </ClInclude>
    <ClInclude Include="src\syntax\position.h">
      <Filter>Header Files</Filter>
    </ClInclude>
    <ClInclude Include="src\syntax\token.h">
      <Filter>Header Files</Filter>
    </ClInclude>
    <ClInclude Include="src\io\fmt_code.h">
      <Filter>Header Files</Filter>
    </ClInclude>
    <ClInclude Include="src\math.h">
      <Filter>Header Files</Filter>
    </ClInclude>
    <ClInclude Include="src\syntax\lexer.h">
      <Filter>Header Files</Filter>
    </ClInclude>
    <ClInclude Include="src\syntax\token_input.h">
      <Filter>Header Files</Filter>
    </ClInclude>
    <ClInclude Include="src\syntax\parser.h">
      <Filter>Header Files</Filter>
    </ClInclude>
    <ClInclude Include="src\functions.h">
      <Filter>Header Files</Filter>
    </ClInclude>
    <ClInclude Include="src\syntax\ast.h">
      <Filter>Header Files</Filter>
    </ClInclude>
    <ClInclude Include="src\syntax\ast_stmt.h">
      <Filter>Header Files</Filter>
    </ClInclude>
    <ClInclude Include="src\syntax\ast_expr.h">
      <Filter>Header Files</Filter>
    </ClInclude>
    <ClInclude Include="src\syntax\ast_ty.h">
      <Filter>Header Files</Filter>
    </ClInclude>
    <ClInclude Include="src\syntax\combinator.h">
      <Filter>Header Files</Filter>
    </ClInclude>
    <ClInclude Include="src\syntax\result_list.h">
      <Filter>Header Files</Filter>
    </ClInclude>
    <ClInclude Include="src\syntax\ast_pat.h">
      <Filter>Header Files</Filter>
    </ClInclude>
    <ClInclude Include="src\io\ast_printer.h">
      <Filter>Header Files</Filter>
    </ClInclude>
    <ClInclude Include="src\semantics\symbol.h">
      <Filter>Header Files</Filter>
    </ClInclude>
    <ClInclude Include="src\semantics\type.h">
      <Filter>Header Files</Filter>
    </ClInclude>
    <ClInclude Include="src\semantics\unifier.h">
      <Filter>Header Files</Filter>
    </ClInclude>
    <ClInclude Include="src\semantics\scope.h">
      <Filter>Header Files</Filter>
    </ClInclude>
    <ClInclude Include="src\semantics\symbol_table.h">
      <Filter>Header Files</Filter>
    </ClInclude>
    <ClInclude Include="src\semantics\checker.h">
      <Filter>Header Files</Filter>
    </ClInclude>
    <ClInclude Include="src\semantics\semantic_pos.h">
      <Filter>Header Files</Filter>
    </ClInclude>
    <ClInclude Include="src\semantics\class_constraint.h">
      <Filter>Header Files</Filter>
    </ClInclude>
    <ClInclude Include="src\tests\framework.h">
      <Filter>Header Files</Filter>
    </ClInclude>
    <ClInclude Include="src\tests\parser_tests.h">
      <Filter>Header Files</Filter>
    </ClInclude>
    <ClInclude Include="src\semantics\oper_desc.h">
      <Filter>Header Files</Filter>
    </ClInclude>
    <ClInclude Include="src\timer.h">
      <Filter>Header Files</Filter>
    </ClInclude>
  </ItemGroup>
</Project>