<?xml version="1.0" encoding="utf-8"?>
<Project ToolsVersion="4.0" xmlns="http://schemas.microsoft.com/developer/msbuild/2003">
  <ItemGroup>
    <Filter Include="Source Files">
      <UniqueIdentifier>{4FC737F1-C7A5-4376-A066-2A32D752A2FF}</UniqueIdentifier>
      <Extensions>cpp;c;cc;cxx;def;odl;idl;hpj;bat;asm;asmx</Extensions>
    </Filter>
    <Filter Include="Header Files">
      <UniqueIdentifier>{93995380-89BD-4b04-88EB-625FBE52EBFB}</UniqueIdentifier>
      <Extensions>h;hh;hpp;hxx;hm;inl;inc;xsd</Extensions>
    </Filter>
    <Filter Include="Resource Files">
      <UniqueIdentifier>{67DA6AB6-F800-4c08-8B7A-83BB121AAD01}</UniqueIdentifier>
      <Extensions>rc;ico;cur;bmp;dlg;rc2;rct;bin;rgs;gif;jpg;jpeg;jpe;resx;tiff;tif;png;wav;mfcribbon-ms</Extensions>
    </Filter>
  </ItemGroup>
  <ItemGroup>
    <ClCompile Include="main.cpp">
      <Filter>Source Files</Filter>
    </ClCompile>
    <ClCompile Include="src\Parsing\Token.cpp">
      <Filter>Source Files</Filter>
    </ClCompile>
    <ClCompile Include="src\Parsing\Lexer.cpp">
      <Filter>Source Files</Filter>
    </ClCompile>
    <ClCompile Include="src\Parsing\Parser.cpp">
      <Filter>Source Files</Filter>
    </ClCompile>
    <ClCompile Include="src\AST\Stmt.cpp">
      <Filter>Source Files</Filter>
    </ClCompile>
    <ClCompile Include="src\AST\Expr.cpp">
      <Filter>Source Files</Filter>
    </ClCompile>
    <ClCompile Include="src\AST\TypeDesc.cpp">
      <Filter>Source Files</Filter>
    </ClCompile>
    <ClCompile Include="src\Parsing\ExprParser.cpp">
      <Filter>Source Files</Filter>
    </ClCompile>
    <ClCompile Include="src\Semantics\Scope.cpp">
      <Filter>Source Files</Filter>
    </ClCompile>
    <ClCompile Include="src\Semantics\Symbol.cpp">
      <Filter>Source Files</Filter>
    </ClCompile>
    <ClCompile Include="src\Semantics\TypeSymbol.cpp">
      <Filter>Source Files</Filter>
    </ClCompile>
    <ClCompile Include="src\Semantics\ConstantEvaluator.cpp">
      <Filter>Source Files</Filter>
    </ClCompile>
    <ClCompile Include="src\Semantics\SemanticChecker.cpp">
      <Filter>Source Files</Filter>
    </ClCompile>
    <ClCompile Include="src\Semantics\SymbolTable.cpp">
      <Filter>Source Files</Filter>
    </ClCompile>
    <ClCompile Include="src\Semantics\ConstantSymbol.cpp">
      <Filter>Source Files</Filter>
    </ClCompile>
    <ClCompile Include="src\Semantics\VarSymbol.cpp">
      <Filter>Source Files</Filter>
    </ClCompile>
    <ClCompile Include="src\Semantics\TypedSymbol.cpp">
      <Filter>Source Files</Filter>
    </ClCompile>
    <ClCompile Include="src\Utils\FileUtils.cpp">
      <Filter>Source Files</Filter>
    </ClCompile>
    <ClCompile Include="src\Utils\StringUtils.cpp">
      <Filter>Source Files</Filter>
    </ClCompile>
    <ClCompile Include="src\Logging\LogStream.cpp">
      <Filter>Source Files</Filter>
    </ClCompile>
    <ClCompile Include="src\Logging\Logger.cpp">
      <Filter>Source Files</Filter>
    </ClCompile>
    <ClCompile Include="src\Parsing\Operator.cpp">
      <Filter>Source Files</Filter>
    </ClCompile>
    <ClCompile Include="src\Parsing\NodePos.cpp">
      <Filter>Source Files</Filter>
    </ClCompile>
    <ClCompile Include="src\AST\Node.cpp">
      <Filter>Source Files</Filter>
    </ClCompile>
    <ClCompile Include="src\Parsing\ExprElem.cpp">
      <Filter>Source Files</Filter>
    </ClCompile>
    <ClCompile Include="src\Utils\XMLNode.cpp">
      <Filter>Source Files</Filter>
    </ClCompile>
    <ClCompile Include="src\Parsing\ParseState.cpp">
      <Filter>Source Files</Filter>
    </ClCompile>
  </ItemGroup>
  <ItemGroup>
    <ClInclude Include="src\Parsing\Lexer.h">
      <Filter>Header Files</Filter>
    </ClInclude>
    <ClInclude Include="src\Parsing\Token.h">
      <Filter>Header Files</Filter>
    </ClInclude>
    <ClInclude Include="src\Parsing\Parser.h">
      <Filter>Header Files</Filter>
    </ClInclude>
    <ClInclude Include="src\AST\Expr.h">
      <Filter>Header Files</Filter>
    </ClInclude>
    <ClInclude Include="src\AST\Stmt.h">
      <Filter>Header Files</Filter>
    </ClInclude>
    <ClInclude Include="src\AST\TypeDesc.h">
      <Filter>Header Files</Filter>
    </ClInclude>
    <ClInclude Include="src\Parsing\ParseState.h">
      <Filter>Header Files</Filter>
    </ClInclude>
    <ClInclude Include="src\Parsing\ExprParser.h">
      <Filter>Header Files</Filter>
    </ClInclude>
    <ClInclude Include="src\Parsing\ExprElem.h">
      <Filter>Header Files</Filter>
    </ClInclude>
    <ClInclude Include="src\Parsing\Operator.h">
      <Filter>Header Files</Filter>
    </ClInclude>
    <ClInclude Include="src\Semantics\Scope.h">
      <Filter>Header Files</Filter>
    </ClInclude>
    <ClInclude Include="src\Semantics\Symbol.h">
      <Filter>Header Files</Filter>
    </ClInclude>
    <ClInclude Include="src\Semantics\TypeSymbol.h">
      <Filter>Header Files</Filter>
    </ClInclude>
    <ClInclude Include="src\Semantics\SemanticChecker.h">
      <Filter>Header Files</Filter>
    </ClInclude>
    <ClInclude Include="src\Semantics\ConstantEvaluator.h">
      <Filter>Header Files</Filter>
    </ClInclude>
    <ClInclude Include="src\Semantics\SymbolTable.h">
      <Filter>Header Files</Filter>
    </ClInclude>
    <ClInclude Include="src\Semantics\ConstantSymbol.h">
      <Filter>Header Files</Filter>
    </ClInclude>
    <ClInclude Include="src\Semantics\VarSymbol.h">
      <Filter>Header Files</Filter>
    </ClInclude>
    <ClInclude Include="src\Semantics\TypedSymbol.h">
      <Filter>Header Files</Filter>
    </ClInclude>
    <ClInclude Include="src\Utils\FileUtils.h">
      <Filter>Header Files</Filter>
    </ClInclude>
    <ClInclude Include="src\Utils\StringUtils.h">
      <Filter>Header Files</Filter>
    </ClInclude>
    <ClInclude Include="src\Logging\Logger.h">
      <Filter>Header Files</Filter>
    </ClInclude>
    <ClInclude Include="src\Logging\LogStream.h">
      <Filter>Header Files</Filter>
    </ClInclude>
    <ClInclude Include="src\AST\Node.h">
      <Filter>Header Files</Filter>
    </ClInclude>
    <ClInclude Include="src\Parsing\NodePos.h">
      <Filter>Header Files</Filter>
    </ClInclude>
    <ClInclude Include="src\Types.h">
      <Filter>Header Files</Filter>
    </ClInclude>
    <ClInclude Include="src\Utils\XMLNode.h">
      <Filter>Header Files</Filter>
    </ClInclude>
    <ClInclude Include="src\Semantics\Builtin.h">
      <Filter>Header Files</Filter>
    </ClInclude>
  </ItemGroup>
</Project>